// !$*UTF8*$!
{
	archiveVersion = 1;
	classes = {
	};
	objectVersion = 56;
	objects = {

/* Begin PBXBuildFile section */
		043808252A0D007700895414 /* AppDelegate.swift in Sources */ = {isa = PBXBuildFile; fileRef = 043808242A0D007700895414 /* AppDelegate.swift */; };
		043808272A0D007700895414 /* SceneDelegate.swift in Sources */ = {isa = PBXBuildFile; fileRef = 043808262A0D007700895414 /* SceneDelegate.swift */; };
		043808292A0D007700895414 /* ViewController.swift in Sources */ = {isa = PBXBuildFile; fileRef = 043808282A0D007700895414 /* ViewController.swift */; };
		0438082C2A0D007700895414 /* Main.storyboard in Resources */ = {isa = PBXBuildFile; fileRef = 0438082A2A0D007700895414 /* Main.storyboard */; };
		0438082E2A0D007A00895414 /* Assets.xcassets in Resources */ = {isa = PBXBuildFile; fileRef = 0438082D2A0D007A00895414 /* Assets.xcassets */; };
		043808312A0D007A00895414 /* LaunchScreen.storyboard in Resources */ = {isa = PBXBuildFile; fileRef = 0438082F2A0D007A00895414 /* LaunchScreen.storyboard */; };
		043808392A0D00C300895414 /* Product.swift in Sources */ = {isa = PBXBuildFile; fileRef = 043808382A0D00C300895414 /* Product.swift */; };
		04F9945A2A0E309B0075C7D9 /* TableViewCellProduct.swift in Sources */ = {isa = PBXBuildFile; fileRef = 04F994592A0E309B0075C7D9 /* TableViewCellProduct.swift */; };
		04F9945D2A0E33A00075C7D9 /* Kingfisher in Frameworks */ = {isa = PBXBuildFile; productRef = 04F9945C2A0E33A00075C7D9 /* Kingfisher */; };
/* End PBXBuildFile section */

/* Begin PBXFileReference section */
		043808212A0D007700895414 /* JSon-Serilazation-Nested.app */ = {isa = PBXFileReference; explicitFileType = wrapper.application; includeInIndex = 0; path = "JSon-Serilazation-Nested.app"; sourceTree = BUILT_PRODUCTS_DIR; };
		043808242A0D007700895414 /* AppDelegate.swift */ = {isa = PBXFileReference; lastKnownFileType = sourcecode.swift; path = AppDelegate.swift; sourceTree = "<group>"; };
		043808262A0D007700895414 /* SceneDelegate.swift */ = {isa = PBXFileReference; lastKnownFileType = sourcecode.swift; path = SceneDelegate.swift; sourceTree = "<group>"; };
		043808282A0D007700895414 /* ViewController.swift */ = {isa = PBXFileReference; lastKnownFileType = sourcecode.swift; path = ViewController.swift; sourceTree = "<group>"; };
		0438082B2A0D007700895414 /* Base */ = {isa = PBXFileReference; lastKnownFileType = file.storyboard; name = Base; path = Base.lproj/Main.storyboard; sourceTree = "<group>"; };
		0438082D2A0D007A00895414 /* Assets.xcassets */ = {isa = PBXFileReference; lastKnownFileType = folder.assetcatalog; path = Assets.xcassets; sourceTree = "<group>"; };
		043808302A0D007A00895414 /* Base */ = {isa = PBXFileReference; lastKnownFileType = file.storyboard; name = Base; path = Base.lproj/LaunchScreen.storyboard; sourceTree = "<group>"; };
		043808322A0D007A00895414 /* Info.plist */ = {isa = PBXFileReference; lastKnownFileType = text.plist.xml; path = Info.plist; sourceTree = "<group>"; };
		043808382A0D00C300895414 /* Product.swift */ = {isa = PBXFileReference; lastKnownFileType = sourcecode.swift; path = Product.swift; sourceTree = "<group>"; };
		04F994592A0E309B0075C7D9 /* TableViewCellProduct.swift */ = {isa = PBXFileReference; lastKnownFileType = sourcecode.swift; path = TableViewCellProduct.swift; sourceTree = "<group>"; };
/* End PBXFileReference section */

/* Begin PBXFrameworksBuildPhase section */
		0438081E2A0D007700895414 /* Frameworks */ = {
			isa = PBXFrameworksBuildPhase;
			buildActionMask = 2147483647;
			files = (
				04F9945D2A0E33A00075C7D9 /* Kingfisher in Frameworks */,
			);
			runOnlyForDeploymentPostprocessing = 0;
		};
/* End PBXFrameworksBuildPhase section */

/* Begin PBXGroup section */
		043808182A0D007700895414 = {
			isa = PBXGroup;
			children = (
				04F994592A0E309B0075C7D9 /* TableViewCellProduct.swift */,
				043808232A0D007700895414 /* JSon-Serilazation-Nested */,
				043808222A0D007700895414 /* Products */,
			);
			sourceTree = "<group>";
		};
		043808222A0D007700895414 /* Products */ = {
			isa = PBXGroup;
			children = (
				043808212A0D007700895414 /* JSon-Serilazation-Nested.app */,
			);
			name = Products;
			sourceTree = "<group>";
		};
		043808232A0D007700895414 /* JSon-Serilazation-Nested */ = {
			isa = PBXGroup;
			children = (
				043808242A0D007700895414 /* AppDelegate.swift */,
				043808262A0D007700895414 /* SceneDelegate.swift */,
				043808282A0D007700895414 /* ViewController.swift */,
				0438082A2A0D007700895414 /* Main.storyboard */,
				0438082D2A0D007A00895414 /* Assets.xcassets */,
				0438082F2A0D007A00895414 /* LaunchScreen.storyboard */,
				043808322A0D007A00895414 /* Info.plist */,
				043808382A0D00C300895414 /* Product.swift */,
			);
			path = "JSon-Serilazation-Nested";
			sourceTree = "<group>";
		};
/* End PBXGroup section */

/* Begin PBXNativeTarget section */
		043808202A0D007700895414 /* JSon-Serilazation-Nested */ = {
			isa = PBXNativeTarget;
			buildConfigurationList = 043808352A0D007A00895414 /* Build configuration list for PBXNativeTarget "JSon-Serilazation-Nested" */;
			buildPhases = (
				0438081D2A0D007700895414 /* Sources */,
				0438081E2A0D007700895414 /* Frameworks */,
				0438081F2A0D007700895414 /* Resources */,
			);
			buildRules = (
			);
			dependencies = (
			);
			name = "JSon-Serilazation-Nested";
			packageProductDependencies = (
				04F9945C2A0E33A00075C7D9 /* Kingfisher */,
			);
			productName = "JSon-Serilazation-Nested";
			productReference = 043808212A0D007700895414 /* JSon-Serilazation-Nested.app */;
			productType = "com.apple.product-type.application";
		};
/* End PBXNativeTarget section */

/* Begin PBXProject section */
		043808192A0D007700895414 /* Project object */ = {
			isa = PBXProject;
			attributes = {
				BuildIndependentTargetsInParallel = 1;
				LastSwiftUpdateCheck = 1410;
				LastUpgradeCheck = 1410;
				TargetAttributes = {
					043808202A0D007700895414 = {
						CreatedOnToolsVersion = 14.1;
					};
				};
			};
			buildConfigurationList = 0438081C2A0D007700895414 /* Build configuration list for PBXProject "JSon-Serilazation-Nested" */;
			compatibilityVersion = "Xcode 14.0";
			developmentRegion = en;
			hasScannedForEncodings = 0;
			knownRegions = (
				en,
				Base,
			);
			mainGroup = 043808182A0D007700895414;
			packageReferences = (
				04F9945B2A0E33A00075C7D9 /* XCRemoteSwiftPackageReference "Kingfisher" */,
			);
			productRefGroup = 043808222A0D007700895414 /* Products */;
			projectDirPath = "";
			projectRoot = "";
			targets = (
				043808202A0D007700895414 /* JSon-Serilazation-Nested */,
			);
		};
/* End PBXProject section */

/* Begin PBXResourcesBuildPhase section */
		0438081F2A0D007700895414 /* Resources */ = {
			isa = PBXResourcesBuildPhase;
			buildActionMask = 2147483647;
			files = (
				043808312A0D007A00895414 /* LaunchScreen.storyboard in Resources */,
				0438082E2A0D007A00895414 /* Assets.xcassets in Resources */,
				0438082C2A0D007700895414 /* Main.storyboard in Resources */,
			);
			runOnlyForDeploymentPostprocessing = 0;
		};
/* End PBXResourcesBuildPhase section */

/* Begin PBXSourcesBuildPhase section */
		0438081D2A0D007700895414 /* Sources */ = {
			isa = PBXSourcesBuildPhase;
			buildActionMask = 2147483647;
			files = (
				043808292A0D007700895414 /* ViewController.swift in Sources */,
				04F9945A2A0E309B0075C7D9 /* TableViewCellProduct.swift in Sources */,
				043808392A0D00C300895414 /* Product.swift in Sources */,
				043808252A0D007700895414 /* AppDelegate.swift in Sources */,
				043808272A0D007700895414 /* SceneDelegate.swift in Sources */,
			);
			runOnlyForDeploymentPostprocessing = 0;
		};
/* End PBXSourcesBuildPhase section */

/* Begin PBXVariantGroup section */
		0438082A2A0D007700895414 /* Main.storyboard */ = {
			isa = PBXVariantGroup;
			children = (
				0438082B2A0D007700895414 /* Base */,
			);
			name = Main.storyboard;
			sourceTree = "<group>";
		};
		0438082F2A0D007A00895414 /* LaunchScreen.storyboard */ = {
			isa = PBXVariantGroup;
			children = (
				043808302A0D007A00895414 /* Base */,
			);
			name = LaunchScreen.storyboard;
			sourceTree = "<group>";
		};
/* End PBXVariantGroup section */

/* Begin XCBuildConfiguration section */
		043808332A0D007A00895414 /* Debug */ = {
			isa = XCBuildConfiguration;
			buildSettings = {
				ALWAYS_SEARCH_USER_PATHS = NO;
				CLANG_ANALYZER_NONNULL = YES;
				CLANG_ANALYZER_NUMBER_OBJECT_CONVERSION = YES_AGGRESSIVE;
				CLANG_CXX_LANGUAGE_STANDARD = "gnu++20";
				CLANG_ENABLE_MODULES = YES;
				CLANG_ENABLE_OBJC_ARC = YES;
				CLANG_ENABLE_OBJC_WEAK = YES;
				CLANG_WARN_BLOCK_CAPTURE_AUTORELEASING = YES;
				CLANG_WARN_BOOL_CONVERSION = YES;
				CLANG_WARN_COMMA = YES;
				CLANG_WARN_CONSTANT_CONVERSION = YES;
				CLANG_WARN_DEPRECATED_OBJC_IMPLEMENTATIONS = YES;
				CLANG_WARN_DIRECT_OBJC_ISA_USAGE = YES_ERROR;
				CLANG_WARN_DOCUMENTATION_COMMENTS = YES;
				CLANG_WARN_EMPTY_BODY = YES;
				CLANG_WARN_ENUM_CONVERSION = YES;
				CLANG_WARN_INFINITE_RECURSION = YES;
				CLANG_WARN_INT_CONVERSION = YES;
				CLANG_WARN_NON_LITERAL_NULL_CONVERSION = YES;
				CLANG_WARN_OBJC_IMPLICIT_RETAIN_SELF = YES;
				CLANG_WARN_OBJC_LITERAL_CONVERSION = YES;
				CLANG_WARN_OBJC_ROOT_CLASS = YES_ERROR;
				CLANG_WARN_QUOTED_INCLUDE_IN_FRAMEWORK_HEADER = YES;
				CLANG_WARN_RANGE_LOOP_ANALYSIS = YES;
				CLANG_WARN_STRICT_PROTOTYPES = YES;
				CLANG_WARN_SUSPICIOUS_MOVE = YES;
				CLANG_WARN_UNGUARDED_AVAILABILITY = YES_AGGRESSIVE;
				CLANG_WARN_UNREACHABLE_CODE = YES;
				CLANG_WARN__DUPLICATE_METHOD_MATCH = YES;
				COPY_PHASE_STRIP = NO;
				DEBUG_INFORMATION_FORMAT = dwarf;
				ENABLE_STRICT_OBJC_MSGSEND = YES;
				ENABLE_TESTABILITY = YES;
				GCC_C_LANGUAGE_STANDARD = gnu11;
				GCC_DYNAMIC_NO_PIC = NO;
				GCC_NO_COMMON_BLOCKS = YES;
				GCC_OPTIMIZATION_LEVEL = 0;
				GCC_PREPROCESSOR_DEFINITIONS = (
					"DEBUG=1",
					"$(inherited)",
				);
				GCC_WARN_64_TO_32_BIT_CONVERSION = YES;
				GCC_WARN_ABOUT_RETURN_TYPE = YES_ERROR;
				GCC_WARN_UNDECLARED_SELECTOR = YES;
				GCC_WARN_UNINITIALIZED_AUTOS = YES_AGGRESSIVE;
				GCC_WARN_UNUSED_FUNCTION = YES;
				GCC_WARN_UNUSED_VARIABLE = YES;
				IPHONEOS_DEPLOYMENT_TARGET = 16.1;
				MTL_ENABLE_DEBUG_INFO = INCLUDE_SOURCE;
				MTL_FAST_MATH = YES;
				ONLY_ACTIVE_ARCH = YES;
				SDKROOT = iphoneos;
				SWIFT_ACTIVE_COMPILATION_CONDITIONS = DEBUG;
				SWIFT_OPTIMIZATION_LEVEL = "-Onone";
			};
			name = Debug;
		};
		043808342A0D007A00895414 /* Release */ = {
			isa = XCBuildConfiguration;
			buildSettings = {
				ALWAYS_SEARCH_USER_PATHS = NO;
				CLANG_ANALYZER_NONNULL = YES;
				CLANG_ANALYZER_NUMBER_OBJECT_CONVERSION = YES_AGGRESSIVE;
				CLANG_CXX_LANGUAGE_STANDARD = "gnu++20";
				CLANG_ENABLE_MODULES = YES;
				CLANG_ENABLE_OBJC_ARC = YES;
				CLANG_ENABLE_OBJC_WEAK = YES;
				CLANG_WARN_BLOCK_CAPTURE_AUTORELEASING = YES;
				CLANG_WARN_BOOL_CONVERSION = YES;
				CLANG_WARN_COMMA = YES;
				CLANG_WARN_CONSTANT_CONVERSION = YES;
				CLANG_WARN_DEPRECATED_OBJC_IMPLEMENTATIONS = YES;
				CLANG_WARN_DIRECT_OBJC_ISA_USAGE = YES_ERROR;
				CLANG_WARN_DOCUMENTATION_COMMENTS = YES;
				CLANG_WARN_EMPTY_BODY = YES;
				CLANG_WARN_ENUM_CONVERSION = YES;
				CLANG_WARN_INFINITE_RECURSION = YES;
				CLANG_WARN_INT_CONVERSION = YES;
				CLANG_WARN_NON_LITERAL_NULL_CONVERSION = YES;
				CLANG_WARN_OBJC_IMPLICIT_RETAIN_SELF = YES;
				CLANG_WARN_OBJC_LITERAL_CONVERSION = YES;
				CLANG_WARN_OBJC_ROOT_CLASS = YES_ERROR;
				CLANG_WARN_QUOTED_INCLUDE_IN_FRAMEWORK_HEADER = YES;
				CLANG_WARN_RANGE_LOOP_ANALYSIS = YES;
				CLANG_WARN_STRICT_PROTOTYPES = YES;
				CLANG_WARN_SUSPICIOUS_MOVE = YES;
				CLANG_WARN_UNGUARDED_AVAILABILITY = YES_AGGRESSIVE;
				CLANG_WARN_UNREACHABLE_CODE = YES;
				CLANG_WARN__DUPLICATE_METHOD_MATCH = YES;
				COPY_PHASE_STRIP = NO;
				DEBUG_INFORMATION_FORMAT = "dwarf-with-dsym";
				ENABLE_NS_ASSERTIONS = NO;
				ENABLE_STRICT_OBJC_MSGSEND = YES;
				GCC_C_LANGUAGE_STANDARD = gnu11;
				GCC_NO_COMMON_BLOCKS = YES;
				GCC_WARN_64_TO_32_BIT_CONVERSION = YES;
				GCC_WARN_ABOUT_RETURN_TYPE = YES_ERROR;
				GCC_WARN_UNDECLARED_SELECTOR = YES;
				GCC_WARN_UNINITIALIZED_AUTOS = YES_AGGRESSIVE;
				GCC_WARN_UNUSED_FUNCTION = YES;
				GCC_WARN_UNUSED_VARIABLE = YES;
				IPHONEOS_DEPLOYMENT_TARGET = 16.1;
				MTL_ENABLE_DEBUG_INFO = NO;
				MTL_FAST_MATH = YES;
				SDKROOT = iphoneos;
				SWIFT_COMPILATION_MODE = wholemodule;
				SWIFT_OPTIMIZATION_LEVEL = "-O";
				VALIDATE_PRODUCT = YES;
			};
			name = Release;
		};
		043808362A0D007A00895414 /* Debug */ = {
			isa = XCBuildConfiguration;
			buildSettings = {
				ASSETCATALOG_COMPILER_APPICON_NAME = AppIcon;
				ASSETCATALOG_COMPILER_GLOBAL_ACCENT_COLOR_NAME = AccentColor;
				CODE_SIGN_STYLE = Automatic;
				CURRENT_PROJECT_VERSION = 1;
				DEVELOPMENT_TEAM = FRR57W434Y;
				GENERATE_INFOPLIST_FILE = YES;
				INFOPLIST_FILE = "JSon-Serilazation-Nested/Info.plist";
				INFOPLIST_KEY_UIApplicationSupportsIndirectInputEvents = YES;
				INFOPLIST_KEY_UILaunchStoryboardName = LaunchScreen;
				INFOPLIST_KEY_UIMainStoryboardFile = Main;
				INFOPLIST_KEY_UISupportedInterfaceOrientations_iPad = "UIInterfaceOrientationPortrait UIInterfaceOrientationPortraitUpsideDown UIInterfaceOrientationLandscapeLeft UIInterfaceOrientationLandscapeRight";
				INFOPLIST_KEY_UISupportedInterfaceOrientations_iPhone = "UIInterfaceOrientationPortrait UIInterfaceOrientationLandscapeLeft UIInterfaceOrientationLandscapeRight";
				LD_RUNPATH_SEARCH_PATHS = (
					"$(inherited)",
					"@executable_path/Frameworks",
				);
				MARKETING_VERSION = 1.0;
				PRODUCT_BUNDLE_IDENTIFIER = "com.JSon-Serilazation-Nested";
				PRODUCT_NAME = "$(TARGET_NAME)";
				SWIFT_EMIT_LOC_STRINGS = YES;
				SWIFT_VERSION = 5.0;
				TARGETED_DEVICE_FAMILY = "1,2";
			};
			name = Debug;
		};
		043808372A0D007A00895414 /* Release */ = {
			isa = XCBuildConfiguration;
			buildSettings = {
				ASSETCATALOG_COMPILER_APPICON_NAME = AppIcon;
				ASSETCATALOG_COMPILER_GLOBAL_ACCENT_COLOR_NAME = AccentColor;
				CODE_SIGN_STYLE = Automatic;
				CURRENT_PROJECT_VERSION = 1;
				DEVELOPMENT_TEAM = FRR57W434Y;
				GENERATE_INFOPLIST_FILE = YES;
				INFOPLIST_FILE = "JSon-Serilazation-Nested/Info.plist";
				INFOPLIST_KEY_UIApplicationSupportsIndirectInputEvents = YES;
				INFOPLIST_KEY_UILaunchStoryboardName = LaunchScreen;
				INFOPLIST_KEY_UIMainStoryboardFile = Main;
				INFOPLIST_KEY_UISupportedInterfaceOrientations_iPad = "UIInterfaceOrientationPortrait UIInterfaceOrientationPortraitUpsideDown UIInterfaceOrientationLandscapeLeft UIInterfaceOrientationLandscapeRight";
				INFOPLIST_KEY_UISupportedInterfaceOrientations_iPhone = "UIInterfaceOrientationPortrait UIInterfaceOrientationLandscapeLeft UIInterfaceOrientationLandscapeRight";
				LD_RUNPATH_SEARCH_PATHS = (
					"$(inherited)",
					"@executable_path/Frameworks",
				);
				MARKETING_VERSION = 1.0;
				PRODUCT_BUNDLE_IDENTIFIER = "com.JSon-Serilazation-Nested";
				PRODUCT_NAME = "$(TARGET_NAME)";
				SWIFT_EMIT_LOC_STRINGS = YES;
				SWIFT_VERSION = 5.0;
				TARGETED_DEVICE_FAMILY = "1,2";
			};
			name = Release;
		};
/* End XCBuildConfiguration section */

/* Begin XCConfigurationList section */
		0438081C2A0D007700895414 /* Build configuration list for PBXProject "JSon-Serilazation-Nested" */ = {
			isa = XCConfigurationList;
			buildConfigurations = (
				043808332A0D007A00895414 /* Debug */,
				043808342A0D007A00895414 /* Release */,
			);
			defaultConfigurationIsVisible = 0;
			defaultConfigurationName = Release;
		};
		043808352A0D007A00895414 /* Build configuration list for PBXNativeTarget "JSon-Serilazation-Nested" */ = {
			isa = XCConfigurationList;
			buildConfigurations = (
				043808362A0D007A00895414 /* Debug */,
				043808372A0D007A00895414 /* Release */,
			);
			defaultConfigurationIsVisible = 0;
			defaultConfigurationName = Release;
		};
/* End XCConfigurationList section */

/* Begin XCRemoteSwiftPackageReference section */
		04F9945B2A0E33A00075C7D9 /* XCRemoteSwiftPackageReference "Kingfisher" */ = {
			isa = XCRemoteSwiftPackageReference;
			repositoryURL = "https://github.com/onevcat/Kingfisher.git";
			requirement = {
				branch = master;
				kind = branch;
			};
		};
/* End XCRemoteSwiftPackageReference section */

/* Begin XCSwiftPackageProductDependency section */
		04F9945C2A0E33A00075C7D9 /* Kingfisher */ = {
			isa = XCSwiftPackageProductDependency;
			package = 04F9945B2A0E33A00075C7D9 /* XCRemoteSwiftPackageReference "Kingfisher" */;
			productName = Kingfisher;
		};
/* End XCSwiftPackageProductDependency section */
	};
	rootObject = 043808192A0D007700895414 /* Project object */;
}
